
Microsoft Visual Studio Solution File, Format Version 12.00
# Visual Studio Version 16
VisualStudioVersion = 16.0.29609.76
MinimumVisualStudioVersion = 10.0.40219.1
Project("{FAE04EC0-301F-11D3-BF4B-00C04F79EFBC}") = "Wpf-UPDS", "Wpf-UPDS.csproj", "{0048537F-3B7C-4DCE-B176-DB70A3B9897A}"
EndProject
Global
	GlobalSection(SolutionConfigurationPlatforms) = preSolution
		Debug|Any CPU = Debug|Any CPU
		Release|Any CPU = Release|Any CPU
	EndGlobalSection
	GlobalSection(ProjectConfigurationPlatforms) = postSolution
		{0048537F-3B7C-4DCE-B176-DB70A3B9897A}.Debug|Any CPU.ActiveCfg = Debug|Any CPU
		{0048537F-3B7C-4DCE-B176-DB70A3B9897A}.Debug|Any CPU.Build.0 = Debug|Any CPU
		{0048537F-3B7C-4DCE-B176-DB70A3B9897A}.Release|Any CPU.ActiveCfg = Release|Any CPU
		{0048537F-3B7C-4DCE-B176-DB70A3B9897A}.Release|Any CPU.Build.0 = Release|Any CPU
	EndGlobalSection
	GlobalSection(SolutionProperties) = preSolution
		HideSolutionNode = FALSE
	EndGlobalSection
	GlobalSection(ExtensibilityGlobals) = postSolution
		SolutionGuid = {B7C75CA3-5301-4B06-889B-DB5D66373D6A}
	EndGlobalSection
EndGlobal
